
Microsoft Visual Studio Solution File, Format Version 12.00
# Visual Studio Version 17
VisualStudioVersion = 17.11.35312.102
MinimumVisualStudioVersion = 10.0.40219.1
Project("{FAE04EC0-301F-11D3-BF4B-00C04F79EFBC}") = "DemoLib", "DemoLib.csproj", "{7716091B-C96D-45DD-A8C9-D9E0167AFF0D}"
EndProject
Global
	GlobalSection(SolutionConfigurationPlatforms) = preSolution
		Debug|Any CPU = Debug|Any CPU
		Release|Any CPU = Release|Any CPU
	EndGlobalSection
	GlobalSection(ProjectConfigurationPlatforms) = postSolution
		{7716091B-C96D-45DD-A8C9-D9E0167AFF0D}.Debug|Any CPU.ActiveCfg = Debug|Any CPU
		{7716091B-C96D-45DD-A8C9-D9E0167AFF0D}.Debug|Any CPU.Build.0 = Debug|Any CPU
		{7716091B-C96D-45DD-A8C9-D9E0167AFF0D}.Release|Any CPU.ActiveCfg = Release|Any CPU
		{7716091B-C96D-45DD-A8C9-D9E0167AFF0D}.Release|Any CPU.Build.0 = Release|Any CPU
	EndGlobalSection
	GlobalSection(SolutionProperties) = preSolution
		HideSolutionNode = FALSE
	EndGlobalSection
	GlobalSection(ExtensibilityGlobals) = postSolution
		SolutionGuid = {C2C2215D-6402-4E77-AC31-7DD9815DE5B5}
	EndGlobalSection
EndGlobal
